// !$*UTF8*$!
{
	archiveVersion = 1;
	classes = {
	};
	objectVersion = 46;
	objects = {

/* Begin PBXBuildFile section */
		1406E4751B0C48EF005D3E0C /* main.m in Sources */ = {isa = PBXBuildFile; fileRef = 1406E4741B0C48EF005D3E0C /* main.m */; };
		1406E4781B0C48EF005D3E0C /* AppDelegate.m in Sources */ = {isa = PBXBuildFile; fileRef = 1406E4771B0C48EF005D3E0C /* AppDelegate.m */; };
		1406E47B1B0C48EF005D3E0C /* whiteboard.xcdatamodeld in Sources */ = {isa = PBXBuildFile; fileRef = 1406E4791B0C48EF005D3E0C /* whiteboard.xcdatamodeld */; };
		1406E47E1B0C48EF005D3E0C /* ViewController.m in Sources */ = {isa = PBXBuildFile; fileRef = 1406E47D1B0C48EF005D3E0C /* ViewController.m */; };
		1406E4811B0C48EF005D3E0C /* Main.storyboard in Resources */ = {isa = PBXBuildFile; fileRef = 1406E47F1B0C48EF005D3E0C /* Main.storyboard */; };
		1406E4831B0C48EF005D3E0C /* Images.xcassets in Resources */ = {isa = PBXBuildFile; fileRef = 1406E4821B0C48EF005D3E0C /* Images.xcassets */; };
		1406E4861B0C48EF005D3E0C /* LaunchScreen.xib in Resources */ = {isa = PBXBuildFile; fileRef = 1406E4841B0C48EF005D3E0C /* LaunchScreen.xib */; };
		1406E4921B0C48EF005D3E0C /* whiteboardTests.m in Sources */ = {isa = PBXBuildFile; fileRef = 1406E4911B0C48EF005D3E0C /* whiteboardTests.m */; };
		1446AA271B0C4AD100A7E9E6 /* DrawView.m in Sources */ = {isa = PBXBuildFile; fileRef = 1446AA261B0C4AD100A7E9E6 /* DrawView.m */; };
		1446AA281B0C4AD100A7E9E6 /* DrawView.m in Sources */ = {isa = PBXBuildFile; fileRef = 1446AA261B0C4AD100A7E9E6 /* DrawView.m */; };
		1446AA2F1B0C519C00A7E9E6 /* Config.m in Sources */ = {isa = PBXBuildFile; fileRef = 1446AA2E1B0C519C00A7E9E6 /* Config.m */; };
		1446AA301B0C519C00A7E9E6 /* Config.m in Sources */ = {isa = PBXBuildFile; fileRef = 1446AA2E1B0C519C00A7E9E6 /* Config.m */; };
		1446AA331B0C579300A7E9E6 /* PanelView.m in Sources */ = {isa = PBXBuildFile; fileRef = 1446AA321B0C579300A7E9E6 /* PanelView.m */; };
		1446AA341B0C579300A7E9E6 /* PanelView.m in Sources */ = {isa = PBXBuildFile; fileRef = 1446AA321B0C579300A7E9E6 /* PanelView.m */; };
		1446AA371B0C580300A7E9E6 /* ColorPanelView.m in Sources */ = {isa = PBXBuildFile; fileRef = 1446AA361B0C580300A7E9E6 /* ColorPanelView.m */; };
		1446AA381B0C580300A7E9E6 /* ColorPanelView.m in Sources */ = {isa = PBXBuildFile; fileRef = 1446AA361B0C580300A7E9E6 /* ColorPanelView.m */; };
		1446AA3A1B0C583C00A7E9E6 /* ColorPanelView.xib in Resources */ = {isa = PBXBuildFile; fileRef = 1446AA391B0C583C00A7E9E6 /* ColorPanelView.xib */; };
		1446AA3B1B0C583C00A7E9E6 /* ColorPanelView.xib in Resources */ = {isa = PBXBuildFile; fileRef = 1446AA391B0C583C00A7E9E6 /* ColorPanelView.xib */; };
		1446AA3E1B0C5B4900A7E9E6 /* testViewController.storyboard in Resources */ = {isa = PBXBuildFile; fileRef = 1446AA3D1B0C5B4900A7E9E6 /* testViewController.storyboard */; };
		1446AA3F1B0C5B4900A7E9E6 /* testViewController.storyboard in Resources */ = {isa = PBXBuildFile; fileRef = 1446AA3D1B0C5B4900A7E9E6 /* testViewController.storyboard */; };
		1446AA421B0C5B8A00A7E9E6 /* testViewController.m in Sources */ = {isa = PBXBuildFile; fileRef = 1446AA411B0C5B8A00A7E9E6 /* testViewController.m */; };
		1446AA431B0C5B8A00A7E9E6 /* testViewController.m in Sources */ = {isa = PBXBuildFile; fileRef = 1446AA411B0C5B8A00A7E9E6 /* testViewController.m */; };
/* End PBXBuildFile section */

/* Begin PBXContainerItemProxy section */
		1406E48C1B0C48EF005D3E0C /* PBXContainerItemProxy */ = {
			isa = PBXContainerItemProxy;
			containerPortal = 1406E4671B0C48EF005D3E0C /* Project object */;
			proxyType = 1;
			remoteGlobalIDString = 1406E46E1B0C48EF005D3E0C;
			remoteInfo = whiteboard;
		};
/* End PBXContainerItemProxy section */

/* Begin PBXFileReference section */
		1406E46F1B0C48EF005D3E0C /* whiteboard.app */ = {isa = PBXFileReference; explicitFileType = wrapper.application; includeInIndex = 0; path = whiteboard.app; sourceTree = BUILT_PRODUCTS_DIR; };
		1406E4731B0C48EF005D3E0C /* Info.plist */ = {isa = PBXFileReference; lastKnownFileType = text.plist.xml; path = Info.plist; sourceTree = "<group>"; };
		1406E4741B0C48EF005D3E0C /* main.m */ = {isa = PBXFileReference; lastKnownFileType = sourcecode.c.objc; path = main.m; sourceTree = "<group>"; };
		1406E4761B0C48EF005D3E0C /* AppDelegate.h */ = {isa = PBXFileReference; lastKnownFileType = sourcecode.c.h; name = AppDelegate.h; path = ../AppDelegate.h; sourceTree = "<group>"; };
		1406E4771B0C48EF005D3E0C /* AppDelegate.m */ = {isa = PBXFileReference; lastKnownFileType = sourcecode.c.objc; name = AppDelegate.m; path = ../AppDelegate.m; sourceTree = "<group>"; };
		1406E47A1B0C48EF005D3E0C /* whiteboard.xcdatamodel */ = {isa = PBXFileReference; lastKnownFileType = wrapper.xcdatamodel; path = whiteboard.xcdatamodel; sourceTree = "<group>"; };
		1406E47C1B0C48EF005D3E0C /* ViewController.h */ = {isa = PBXFileReference; lastKnownFileType = sourcecode.c.h; name = ViewController.h; path = ../ViewController.h; sourceTree = "<group>"; };
		1406E47D1B0C48EF005D3E0C /* ViewController.m */ = {isa = PBXFileReference; lastKnownFileType = sourcecode.c.objc; name = ViewController.m; path = ../ViewController.m; sourceTree = "<group>"; };
		1406E4801B0C48EF005D3E0C /* Base */ = {isa = PBXFileReference; lastKnownFileType = file.storyboard; name = Base; path = Base.lproj/Main.storyboard; sourceTree = "<group>"; };
		1406E4821B0C48EF005D3E0C /* Images.xcassets */ = {isa = PBXFileReference; lastKnownFileType = folder.assetcatalog; path = Images.xcassets; sourceTree = "<group>"; };
		1406E4851B0C48EF005D3E0C /* Base */ = {isa = PBXFileReference; lastKnownFileType = file.xib; name = Base; path = Base.lproj/LaunchScreen.xib; sourceTree = "<group>"; };
		1406E48B1B0C48EF005D3E0C /* whiteboardTests.xctest */ = {isa = PBXFileReference; explicitFileType = wrapper.cfbundle; includeInIndex = 0; path = whiteboardTests.xctest; sourceTree = BUILT_PRODUCTS_DIR; };
		1406E4901B0C48EF005D3E0C /* Info.plist */ = {isa = PBXFileReference; lastKnownFileType = text.plist.xml; path = Info.plist; sourceTree = "<group>"; };
		1406E4911B0C48EF005D3E0C /* whiteboardTests.m */ = {isa = PBXFileReference; lastKnownFileType = sourcecode.c.objc; path = whiteboardTests.m; sourceTree = "<group>"; };
		1446AA251B0C4AD100A7E9E6 /* DrawView.h */ = {isa = PBXFileReference; fileEncoding = 4; lastKnownFileType = sourcecode.c.h; path = DrawView.h; sourceTree = "<group>"; };
		1446AA261B0C4AD100A7E9E6 /* DrawView.m */ = {isa = PBXFileReference; fileEncoding = 4; lastKnownFileType = sourcecode.c.objc; path = DrawView.m; sourceTree = "<group>"; };
		1446AA2D1B0C519C00A7E9E6 /* Config.h */ = {isa = PBXFileReference; fileEncoding = 4; lastKnownFileType = sourcecode.c.h; path = Config.h; sourceTree = "<group>"; };
		1446AA2E1B0C519C00A7E9E6 /* Config.m */ = {isa = PBXFileReference; fileEncoding = 4; lastKnownFileType = sourcecode.c.objc; path = Config.m; sourceTree = "<group>"; };
		1446AA311B0C579300A7E9E6 /* PanelView.h */ = {isa = PBXFileReference; fileEncoding = 4; lastKnownFileType = sourcecode.c.h; path = PanelView.h; sourceTree = "<group>"; };
		1446AA321B0C579300A7E9E6 /* PanelView.m */ = {isa = PBXFileReference; fileEncoding = 4; lastKnownFileType = sourcecode.c.objc; path = PanelView.m; sourceTree = "<group>"; };
		1446AA351B0C580300A7E9E6 /* ColorPanelView.h */ = {isa = PBXFileReference; fileEncoding = 4; lastKnownFileType = sourcecode.c.h; path = ColorPanelView.h; sourceTree = "<group>"; };
		1446AA361B0C580300A7E9E6 /* ColorPanelView.m */ = {isa = PBXFileReference; fileEncoding = 4; lastKnownFileType = sourcecode.c.objc; path = ColorPanelView.m; sourceTree = "<group>"; };
		1446AA391B0C583C00A7E9E6 /* ColorPanelView.xib */ = {isa = PBXFileReference; fileEncoding = 4; lastKnownFileType = file.xib; name = ColorPanelView.xib; path = res/ColorPanelView.xib; sourceTree = "<group>"; };
		1446AA3D1B0C5B4900A7E9E6 /* testViewController.storyboard */ = {isa = PBXFileReference; fileEncoding = 4; lastKnownFileType = file.storyboard; path = testViewController.storyboard; sourceTree = "<group>"; };
		1446AA401B0C5B8A00A7E9E6 /* testViewController.h */ = {isa = PBXFileReference; fileEncoding = 4; lastKnownFileType = sourcecode.c.h; path = testViewController.h; sourceTree = "<group>"; };
		1446AA411B0C5B8A00A7E9E6 /* testViewController.m */ = {isa = PBXFileReference; fileEncoding = 4; lastKnownFileType = sourcecode.c.objc; path = testViewController.m; sourceTree = "<group>"; };
/* End PBXFileReference section */

/* Begin PBXFrameworksBuildPhase section */
		1406E46C1B0C48EF005D3E0C /* Frameworks */ = {
			isa = PBXFrameworksBuildPhase;
			buildActionMask = 2147483647;
			files = (
			);
			runOnlyForDeploymentPostprocessing = 0;
		};
		1406E4881B0C48EF005D3E0C /* Frameworks */ = {
			isa = PBXFrameworksBuildPhase;
			buildActionMask = 2147483647;
			files = (
			);
			runOnlyForDeploymentPostprocessing = 0;
		};
/* End PBXFrameworksBuildPhase section */

/* Begin PBXGroup section */
		1406E4661B0C48EF005D3E0C = {
			isa = PBXGroup;
			children = (
				1406E4711B0C48EF005D3E0C /* whiteboard */,
				1406E48E1B0C48EF005D3E0C /* whiteboardTests */,
				1406E4701B0C48EF005D3E0C /* Products */,
			);
			sourceTree = "<group>";
		};
		1406E4701B0C48EF005D3E0C /* Products */ = {
			isa = PBXGroup;
			children = (
				1406E46F1B0C48EF005D3E0C /* whiteboard.app */,
				1406E48B1B0C48EF005D3E0C /* whiteboardTests.xctest */,
			);
			name = Products;
			sourceTree = "<group>";
		};
		1406E4711B0C48EF005D3E0C /* whiteboard */ = {
			isa = PBXGroup;
			children = (
				1446AA3C1B0C584400A7E9E6 /* res */,
				1446AA241B0C4AD100A7E9E6 /* src */,
				1406E47F1B0C48EF005D3E0C /* Main.storyboard */,
				1406E4821B0C48EF005D3E0C /* Images.xcassets */,
				1406E4841B0C48EF005D3E0C /* LaunchScreen.xib */,
				1406E4791B0C48EF005D3E0C /* whiteboard.xcdatamodeld */,
				1406E4721B0C48EF005D3E0C /* Supporting Files */,
			);
			path = whiteboard;
			sourceTree = "<group>";
		};
		1406E4721B0C48EF005D3E0C /* Supporting Files */ = {
			isa = PBXGroup;
			children = (
				1406E4731B0C48EF005D3E0C /* Info.plist */,
				1406E4741B0C48EF005D3E0C /* main.m */,
			);
			name = "Supporting Files";
			sourceTree = "<group>";
		};
		1406E48E1B0C48EF005D3E0C /* whiteboardTests */ = {
			isa = PBXGroup;
			children = (
				1406E4911B0C48EF005D3E0C /* whiteboardTests.m */,
				1406E48F1B0C48EF005D3E0C /* Supporting Files */,
			);
			path = whiteboardTests;
			sourceTree = "<group>";
		};
		1406E48F1B0C48EF005D3E0C /* Supporting Files */ = {
			isa = PBXGroup;
			children = (
				1406E4901B0C48EF005D3E0C /* Info.plist */,
			);
			name = "Supporting Files";
			sourceTree = "<group>";
		};
		1446AA241B0C4AD100A7E9E6 /* src */ = {
			isa = PBXGroup;
			children = (
				1406E4761B0C48EF005D3E0C /* AppDelegate.h */,
				1406E4771B0C48EF005D3E0C /* AppDelegate.m */,
				1406E47C1B0C48EF005D3E0C /* ViewController.h */,
				1406E47D1B0C48EF005D3E0C /* ViewController.m */,
				1446AA251B0C4AD100A7E9E6 /* DrawView.h */,
				1446AA261B0C4AD100A7E9E6 /* DrawView.m */,
				1446AA2D1B0C519C00A7E9E6 /* Config.h */,
				1446AA2E1B0C519C00A7E9E6 /* Config.m */,
				1446AA311B0C579300A7E9E6 /* PanelView.h */,
				1446AA321B0C579300A7E9E6 /* PanelView.m */,
				1446AA351B0C580300A7E9E6 /* ColorPanelView.h */,
				1446AA361B0C580300A7E9E6 /* ColorPanelView.m */,
				1446AA3D1B0C5B4900A7E9E6 /* testViewController.storyboard */,
				1446AA401B0C5B8A00A7E9E6 /* testViewController.h */,
				1446AA411B0C5B8A00A7E9E6 /* testViewController.m */,
			);
			path = src;
			sourceTree = "<group>";
		};
		1446AA3C1B0C584400A7E9E6 /* res */ = {
			isa = PBXGroup;
			children = (
				1446AA391B0C583C00A7E9E6 /* ColorPanelView.xib */,
			);
			name = res;
			sourceTree = "<group>";
		};
/* End PBXGroup section */

/* Begin PBXNativeTarget section */
		1406E46E1B0C48EF005D3E0C /* whiteboard */ = {
			isa = PBXNativeTarget;
			buildConfigurationList = 1406E4951B0C48EF005D3E0C /* Build configuration list for PBXNativeTarget "whiteboard" */;
			buildPhases = (
				1406E46B1B0C48EF005D3E0C /* Sources */,
				1406E46C1B0C48EF005D3E0C /* Frameworks */,
				1406E46D1B0C48EF005D3E0C /* Resources */,
			);
			buildRules = (
			);
			dependencies = (
			);
			name = whiteboard;
			productName = whiteboard;
			productReference = 1406E46F1B0C48EF005D3E0C /* whiteboard.app */;
			productType = "com.apple.product-type.application";
		};
		1406E48A1B0C48EF005D3E0C /* whiteboardTests */ = {
			isa = PBXNativeTarget;
			buildConfigurationList = 1406E4981B0C48EF005D3E0C /* Build configuration list for PBXNativeTarget "whiteboardTests" */;
			buildPhases = (
				1406E4871B0C48EF005D3E0C /* Sources */,
				1406E4881B0C48EF005D3E0C /* Frameworks */,
				1406E4891B0C48EF005D3E0C /* Resources */,
			);
			buildRules = (
			);
			dependencies = (
				1406E48D1B0C48EF005D3E0C /* PBXTargetDependency */,
			);
			name = whiteboardTests;
			productName = whiteboardTests;
			productReference = 1406E48B1B0C48EF005D3E0C /* whiteboardTests.xctest */;
			productType = "com.apple.product-type.bundle.unit-test";
		};
/* End PBXNativeTarget section */

/* Begin PBXProject section */
		1406E4671B0C48EF005D3E0C /* Project object */ = {
			isa = PBXProject;
			attributes = {
				LastUpgradeCheck = 0630;
				ORGANIZATIONNAME = whiteboard;
				TargetAttributes = {
					1406E46E1B0C48EF005D3E0C = {
						CreatedOnToolsVersion = 6.3;
					};
					1406E48A1B0C48EF005D3E0C = {
						CreatedOnToolsVersion = 6.3;
						TestTargetID = 1406E46E1B0C48EF005D3E0C;
					};
				};
			};
			buildConfigurationList = 1406E46A1B0C48EF005D3E0C /* Build configuration list for PBXProject "whiteboard" */;
			compatibilityVersion = "Xcode 3.2";
			developmentRegion = English;
			hasScannedForEncodings = 0;
			knownRegions = (
				en,
				Base,
			);
			mainGroup = 1406E4661B0C48EF005D3E0C;
			productRefGroup = 1406E4701B0C48EF005D3E0C /* Products */;
			projectDirPath = "";
			projectRoot = "";
			targets = (
				1406E46E1B0C48EF005D3E0C /* whiteboard */,
				1406E48A1B0C48EF005D3E0C /* whiteboardTests */,
			);
		};
/* End PBXProject section */

/* Begin PBXResourcesBuildPhase section */
		1406E46D1B0C48EF005D3E0C /* Resources */ = {
			isa = PBXResourcesBuildPhase;
			buildActionMask = 2147483647;
			files = (
				1406E4811B0C48EF005D3E0C /* Main.storyboard in Resources */,
				1446AA3A1B0C583C00A7E9E6 /* ColorPanelView.xib in Resources */,
				1406E4861B0C48EF005D3E0C /* LaunchScreen.xib in Resources */,
				1446AA3E1B0C5B4900A7E9E6 /* testViewController.storyboard in Resources */,
				1406E4831B0C48EF005D3E0C /* Images.xcassets in Resources */,
			);
			runOnlyForDeploymentPostprocessing = 0;
		};
		1406E4891B0C48EF005D3E0C /* Resources */ = {
			isa = PBXResourcesBuildPhase;
			buildActionMask = 2147483647;
			files = (
				1446AA3F1B0C5B4900A7E9E6 /* testViewController.storyboard in Resources */,
				1446AA3B1B0C583C00A7E9E6 /* ColorPanelView.xib in Resources */,
			);
			runOnlyForDeploymentPostprocessing = 0;
		};
/* End PBXResourcesBuildPhase section */

/* Begin PBXSourcesBuildPhase section */
		1406E46B1B0C48EF005D3E0C /* Sources */ = {
			isa = PBXSourcesBuildPhase;
			buildActionMask = 2147483647;
			files = (
				1446AA371B0C580300A7E9E6 /* ColorPanelView.m in Sources */,
				1446AA2F1B0C519C00A7E9E6 /* Config.m in Sources */,
				1446AA331B0C579300A7E9E6 /* PanelView.m in Sources */,
				1406E4781B0C48EF005D3E0C /* AppDelegate.m in Sources */,
				1446AA421B0C5B8A00A7E9E6 /* testViewController.m in Sources */,
				1406E47B1B0C48EF005D3E0C /* whiteboard.xcdatamodeld in Sources */,
				1406E47E1B0C48EF005D3E0C /* ViewController.m in Sources */,
				1406E4751B0C48EF005D3E0C /* main.m in Sources */,
				1446AA271B0C4AD100A7E9E6 /* DrawView.m in Sources */,
			);
			runOnlyForDeploymentPostprocessing = 0;
		};
		1406E4871B0C48EF005D3E0C /* Sources */ = {
			isa = PBXSourcesBuildPhase;
			buildActionMask = 2147483647;
			files = (
				1446AA301B0C519C00A7E9E6 /* Config.m in Sources */,
				1446AA281B0C4AD100A7E9E6 /* DrawView.m in Sources */,
				1446AA381B0C580300A7E9E6 /* ColorPanelView.m in Sources */,
				1446AA341B0C579300A7E9E6 /* PanelView.m in Sources */,
				1446AA431B0C5B8A00A7E9E6 /* testViewController.m in Sources */,
				1406E4921B0C48EF005D3E0C /* whiteboardTests.m in Sources */,
			);
			runOnlyForDeploymentPostprocessing = 0;
		};
/* End PBXSourcesBuildPhase section */

/* Begin PBXTargetDependency section */
		1406E48D1B0C48EF005D3E0C /* PBXTargetDependency */ = {
			isa = PBXTargetDependency;
			target = 1406E46E1B0C48EF005D3E0C /* whiteboard */;
			targetProxy = 1406E48C1B0C48EF005D3E0C /* PBXContainerItemProxy */;
		};
/* End PBXTargetDependency section */

/* Begin PBXVariantGroup section */
		1406E47F1B0C48EF005D3E0C /* Main.storyboard */ = {
			isa = PBXVariantGroup;
			children = (
				1406E4801B0C48EF005D3E0C /* Base */,
			);
			name = Main.storyboard;
			sourceTree = "<group>";
		};
		1406E4841B0C48EF005D3E0C /* LaunchScreen.xib */ = {
			isa = PBXVariantGroup;
			children = (
				1406E4851B0C48EF005D3E0C /* Base */,
			);
			name = LaunchScreen.xib;
			sourceTree = "<group>";
		};
/* End PBXVariantGroup section */

/* Begin XCBuildConfiguration section */
		1406E4931B0C48EF005D3E0C /* Debug */ = {
			isa = XCBuildConfiguration;
			buildSettings = {
				ALWAYS_SEARCH_USER_PATHS = NO;
				CLANG_CXX_LANGUAGE_STANDARD = "gnu++0x";
				CLANG_CXX_LIBRARY = "libc++";
				CLANG_ENABLE_MODULES = YES;
				CLANG_ENABLE_OBJC_ARC = YES;
				CLANG_WARN_BOOL_CONVERSION = YES;
				CLANG_WARN_CONSTANT_CONVERSION = YES;
				CLANG_WARN_DIRECT_OBJC_ISA_USAGE = YES_ERROR;
				CLANG_WARN_EMPTY_BODY = YES;
				CLANG_WARN_ENUM_CONVERSION = YES;
				CLANG_WARN_INT_CONVERSION = YES;
				CLANG_WARN_OBJC_ROOT_CLASS = YES_ERROR;
				CLANG_WARN_UNREACHABLE_CODE = YES;
				CLANG_WARN__DUPLICATE_METHOD_MATCH = YES;
				"CODE_SIGN_IDENTITY[sdk=iphoneos*]" = "iPhone Developer";
				COPY_PHASE_STRIP = NO;
				DEBUG_INFORMATION_FORMAT = "dwarf-with-dsym";
				ENABLE_STRICT_OBJC_MSGSEND = YES;
				GCC_C_LANGUAGE_STANDARD = gnu99;
				GCC_DYNAMIC_NO_PIC = NO;
				GCC_NO_COMMON_BLOCKS = YES;
				GCC_OPTIMIZATION_LEVEL = 0;
				GCC_PREPROCESSOR_DEFINITIONS = (
					"DEBUG=1",
					"$(inherited)",
				);
				GCC_SYMBOLS_PRIVATE_EXTERN = NO;
				GCC_WARN_64_TO_32_BIT_CONVERSION = YES;
				GCC_WARN_ABOUT_RETURN_TYPE = YES_ERROR;
				GCC_WARN_UNDECLARED_SELECTOR = YES;
				GCC_WARN_UNINITIALIZED_AUTOS = YES_AGGRESSIVE;
				GCC_WARN_UNUSED_FUNCTION = YES;
				GCC_WARN_UNUSED_VARIABLE = YES;
				IPHONEOS_DEPLOYMENT_TARGET = 8.3;
				MTL_ENABLE_DEBUG_INFO = YES;
				ONLY_ACTIVE_ARCH = YES;
				SDKROOT = iphoneos;
				TARGETED_DEVICE_FAMILY = "1,2";
			};
			name = Debug;
		};
		1406E4941B0C48EF005D3E0C /* Release */ = {
			isa = XCBuildConfiguration;
			buildSettings = {
				ALWAYS_SEARCH_USER_PATHS = NO;
				CLANG_CXX_LANGUAGE_STANDARD = "gnu++0x";
				CLANG_CXX_LIBRARY = "libc++";
				CLANG_ENABLE_MODULES = YES;
				CLANG_ENABLE_OBJC_ARC = YES;
				CLANG_WARN_BOOL_CONVERSION = YES;
				CLANG_WARN_CONSTANT_CONVERSION = YES;
				CLANG_WARN_DIRECT_OBJC_ISA_USAGE = YES_ERROR;
				CLANG_WARN_EMPTY_BODY = YES;
				CLANG_WARN_ENUM_CONVERSION = YES;
				CLANG_WARN_INT_CONVERSION = YES;
				CLANG_WARN_OBJC_ROOT_CLASS = YES_ERROR;
				CLANG_WARN_UNREACHABLE_CODE = YES;
				CLANG_WARN__DUPLICATE_METHOD_MATCH = YES;
				"CODE_SIGN_IDENTITY[sdk=iphoneos*]" = "iPhone Developer";
				COPY_PHASE_STRIP = NO;
				DEBUG_INFORMATION_FORMAT = "dwarf-with-dsym";
				ENABLE_NS_ASSERTIONS = NO;
				ENABLE_STRICT_OBJC_MSGSEND = YES;
				GCC_C_LANGUAGE_STANDARD = gnu99;
				GCC_NO_COMMON_BLOCKS = YES;
				GCC_WARN_64_TO_32_BIT_CONVERSION = YES;
				GCC_WARN_ABOUT_RETURN_TYPE = YES_ERROR;
				GCC_WARN_UNDECLARED_SELECTOR = YES;
				GCC_WARN_UNINITIALIZED_AUTOS = YES_AGGRESSIVE;
				GCC_WARN_UNUSED_FUNCTION = YES;
				GCC_WARN_UNUSED_VARIABLE = YES;
				IPHONEOS_DEPLOYMENT_TARGET = 8.3;
				MTL_ENABLE_DEBUG_INFO = NO;
				SDKROOT = iphoneos;
				TARGETED_DEVICE_FAMILY = "1,2";
				VALIDATE_PRODUCT = YES;
			};
			name = Release;
		};
		1406E4961B0C48EF005D3E0C /* Debug */ = {
			isa = XCBuildConfiguration;
			buildSettings = {
				ASSETCATALOG_COMPILER_APPICON_NAME = AppIcon;
				INFOPLIST_FILE = whiteboard/Info.plist;
				LD_RUNPATH_SEARCH_PATHS = "$(inherited) @executable_path/Frameworks";
				PRODUCT_NAME = "$(TARGET_NAME)";
			};
			name = Debug;
		};
		1406E4971B0C48EF005D3E0C /* Release */ = {
			isa = XCBuildConfiguration;
			buildSettings = {
				ASSETCATALOG_COMPILER_APPICON_NAME = AppIcon;
				INFOPLIST_FILE = whiteboard/Info.plist;
				LD_RUNPATH_SEARCH_PATHS = "$(inherited) @executable_path/Frameworks";
				PRODUCT_NAME = "$(TARGET_NAME)";
			};
			name = Release;
		};
		1406E4991B0C48EF005D3E0C /* Debug */ = {
			isa = XCBuildConfiguration;
			buildSettings = {
				BUNDLE_LOADER = "$(TEST_HOST)";
				FRAMEWORK_SEARCH_PATHS = (
					"$(SDKROOT)/Developer/Library/Frameworks",
					"$(inherited)",
				);
				GCC_PREPROCESSOR_DEFINITIONS = (
					"DEBUG=1",
					"$(inherited)",
				);
				INFOPLIST_FILE = whiteboardTests/Info.plist;
				LD_RUNPATH_SEARCH_PATHS = "$(inherited) @executable_path/Frameworks @loader_path/Frameworks";
				PRODUCT_NAME = "$(TARGET_NAME)";
				TEST_HOST = "$(BUILT_PRODUCTS_DIR)/whiteboard.app/whiteboard";
			};
			name = Debug;
		};
		1406E49A1B0C48EF005D3E0C /* Release */ = {
			isa = XCBuildConfiguration;
			buildSettings = {
				BUNDLE_LOADER = "$(TEST_HOST)";
				FRAMEWORK_SEARCH_PATHS = (
					"$(SDKROOT)/Developer/Library/Frameworks",
					"$(inherited)",
				);
				INFOPLIST_FILE = whiteboardTests/Info.plist;
				LD_RUNPATH_SEARCH_PATHS = "$(inherited) @executable_path/Frameworks @loader_path/Frameworks";
				PRODUCT_NAME = "$(TARGET_NAME)";
				TEST_HOST = "$(BUILT_PRODUCTS_DIR)/whiteboard.app/whiteboard";
			};
			name = Release;
		};
/* End XCBuildConfiguration section */

/* Begin XCConfigurationList section */
		1406E46A1B0C48EF005D3E0C /* Build configuration list for PBXProject "whiteboard" */ = {
			isa = XCConfigurationList;
			buildConfigurations = (
				1406E4931B0C48EF005D3E0C /* Debug */,
				1406E4941B0C48EF005D3E0C /* Release */,
			);
			defaultConfigurationIsVisible = 0;
			defaultConfigurationName = Release;
		};
		1406E4951B0C48EF005D3E0C /* Build configuration list for PBXNativeTarget "whiteboard" */ = {
			isa = XCConfigurationList;
			buildConfigurations = (
				1406E4961B0C48EF005D3E0C /* Debug */,
				1406E4971B0C48EF005D3E0C /* Release */,
			);
			defaultConfigurationIsVisible = 0;
			defaultConfigurationName = Release;
		};
		1406E4981B0C48EF005D3E0C /* Build configuration list for PBXNativeTarget "whiteboardTests" */ = {
			isa = XCConfigurationList;
			buildConfigurations = (
				1406E4991B0C48EF005D3E0C /* Debug */,
				1406E49A1B0C48EF005D3E0C /* Release */,
			);
			defaultConfigurationIsVisible = 0;
			defaultConfigurationName = Release;
		};
/* End XCConfigurationList section */

/* Begin XCVersionGroup section */
		1406E4791B0C48EF005D3E0C /* whiteboard.xcdatamodeld */ = {
			isa = XCVersionGroup;
			children = (
				1406E47A1B0C48EF005D3E0C /* whiteboard.xcdatamodel */,
			);
			currentVersion = 1406E47A1B0C48EF005D3E0C /* whiteboard.xcdatamodel */;
			path = whiteboard.xcdatamodeld;
			sourceTree = "<group>";
			versionGroupType = wrapper.xcdatamodel;
		};
/* End XCVersionGroup section */
	};
	rootObject = 1406E4671B0C48EF005D3E0C /* Project object */;
}
