// !$*UTF8*$!
{
	archiveVersion = 1;
	classes = {
	};
	objectVersion = 46;
	objects = {

/* Begin PBXBuildFile section */
		1406E4751B0C48EF005D3E0C /* main.m in Sources */ = {isa = PBXBuildFile; fileRef = 1406E4741B0C48EF005D3E0C /* main.m */; };
		1406E47B1B0C48EF005D3E0C /* whiteboard.xcdatamodeld in Sources */ = {isa = PBXBuildFile; fileRef = 1406E4791B0C48EF005D3E0C /* whiteboard.xcdatamodeld */; };
		1406E4811B0C48EF005D3E0C /* Main.storyboard in Resources */ = {isa = PBXBuildFile; fileRef = 1406E47F1B0C48EF005D3E0C /* Main.storyboard */; };
		1406E4831B0C48EF005D3E0C /* Images.xcassets in Resources */ = {isa = PBXBuildFile; fileRef = 1406E4821B0C48EF005D3E0C /* Images.xcassets */; };
		1406E4861B0C48EF005D3E0C /* LaunchScreen.xib in Resources */ = {isa = PBXBuildFile; fileRef = 1406E4841B0C48EF005D3E0C /* LaunchScreen.xib */; };
		1406E4921B0C48EF005D3E0C /* whiteboardTests.m in Sources */ = {isa = PBXBuildFile; fileRef = 1406E4911B0C48EF005D3E0C /* whiteboardTests.m */; };
		1424F4D71B106A96008CE924 /* libOCMock.a in Frameworks */ = {isa = PBXBuildFile; fileRef = 1424F4CB1B10691C008CE924 /* libOCMock.a */; };
		1424F4D91B106B2D008CE924 /* DrawViewTests.m in Sources */ = {isa = PBXBuildFile; fileRef = 1424F4D81B106B2D008CE924 /* DrawViewTests.m */; };
		1424F4DB1B107766008CE924 /* MainViewControllerTests.m in Sources */ = {isa = PBXBuildFile; fileRef = 1424F4DA1B107766008CE924 /* MainViewControllerTests.m */; };
		1424F4F21B107E2B008CE924 /* libKIF.a in Frameworks */ = {isa = PBXBuildFile; fileRef = 1424F4E71B107DD8008CE924 /* libKIF.a */; };
		1424F4F51B107E37008CE924 /* CoreGraphics.framework in Frameworks */ = {isa = PBXBuildFile; fileRef = 1424F4F41B107E37008CE924 /* CoreGraphics.framework */; };
		1424F4F71B107FA6008CE924 /* IOKit.framework in Frameworks */ = {isa = PBXBuildFile; fileRef = 1424F4F61B107FA6008CE924 /* IOKit.framework */; };
		1424F4FB1B1081A1008CE924 /* UITests.m in Sources */ = {isa = PBXBuildFile; fileRef = 1424F4FA1B1081A0008CE924 /* UITests.m */; };
		1446AA271B0C4AD100A7E9E6 /* DrawView.m in Sources */ = {isa = PBXBuildFile; fileRef = 1446AA261B0C4AD100A7E9E6 /* DrawView.m */; };
		1446AA281B0C4AD100A7E9E6 /* DrawView.m in Sources */ = {isa = PBXBuildFile; fileRef = 1446AA261B0C4AD100A7E9E6 /* DrawView.m */; };
		1446AA2F1B0C519C00A7E9E6 /* Config.m in Sources */ = {isa = PBXBuildFile; fileRef = 1446AA2E1B0C519C00A7E9E6 /* Config.m */; };
		1446AA301B0C519C00A7E9E6 /* Config.m in Sources */ = {isa = PBXBuildFile; fileRef = 1446AA2E1B0C519C00A7E9E6 /* Config.m */; };
		1446AA331B0C579300A7E9E6 /* PanelView.m in Sources */ = {isa = PBXBuildFile; fileRef = 1446AA321B0C579300A7E9E6 /* PanelView.m */; };
		1446AA341B0C579300A7E9E6 /* PanelView.m in Sources */ = {isa = PBXBuildFile; fileRef = 1446AA321B0C579300A7E9E6 /* PanelView.m */; };
		1446AA371B0C580300A7E9E6 /* ColorPanelView.m in Sources */ = {isa = PBXBuildFile; fileRef = 1446AA361B0C580300A7E9E6 /* ColorPanelView.m */; };
		1446AA381B0C580300A7E9E6 /* ColorPanelView.m in Sources */ = {isa = PBXBuildFile; fileRef = 1446AA361B0C580300A7E9E6 /* ColorPanelView.m */; };
		1446AA461B0C704000A7E9E6 /* ExtraPanelView.m in Sources */ = {isa = PBXBuildFile; fileRef = 1446AA451B0C704000A7E9E6 /* ExtraPanelView.m */; };
		1446AA471B0C704000A7E9E6 /* ExtraPanelView.m in Sources */ = {isa = PBXBuildFile; fileRef = 1446AA451B0C704000A7E9E6 /* ExtraPanelView.m */; };
		1446AA531B0D94E500A7E9E6 /* SpecialPanelView.xib in Resources */ = {isa = PBXBuildFile; fileRef = 1446AA501B0D94E500A7E9E6 /* SpecialPanelView.xib */; };
		1446AA541B0D94E500A7E9E6 /* SpecialPanelView.xib in Resources */ = {isa = PBXBuildFile; fileRef = 1446AA501B0D94E500A7E9E6 /* SpecialPanelView.xib */; };
		1446AA571B0D94E500A7E9E6 /* ColorPanelView.xib in Resources */ = {isa = PBXBuildFile; fileRef = 1446AA521B0D94E500A7E9E6 /* ColorPanelView.xib */; };
		1446AA581B0D94E500A7E9E6 /* ColorPanelView.xib in Resources */ = {isa = PBXBuildFile; fileRef = 1446AA521B0D94E500A7E9E6 /* ColorPanelView.xib */; };
		1446AA5B1B0D950200A7E9E6 /* SpecialPanelView.m in Sources */ = {isa = PBXBuildFile; fileRef = 1446AA5A1B0D950200A7E9E6 /* SpecialPanelView.m */; };
		1446AA5C1B0D950200A7E9E6 /* SpecialPanelView.m in Sources */ = {isa = PBXBuildFile; fileRef = 1446AA5A1B0D950200A7E9E6 /* SpecialPanelView.m */; };
		1446AA5E1B0D9C3B00A7E9E6 /* ExtraPanelView.xib in Resources */ = {isa = PBXBuildFile; fileRef = 1446AA5D1B0D9C3B00A7E9E6 /* ExtraPanelView.xib */; };
		1446AA5F1B0D9C3B00A7E9E6 /* ExtraPanelView.xib in Resources */ = {isa = PBXBuildFile; fileRef = 1446AA5D1B0D9C3B00A7E9E6 /* ExtraPanelView.xib */; };
		1446AA611B0DC92E00A7E9E6 /* MessageUI.framework in Frameworks */ = {isa = PBXBuildFile; fileRef = 1446AA601B0DC92E00A7E9E6 /* MessageUI.framework */; };
		1446AA681B0F1B0300A7E9E6 /* UIImage+Scale.m in Sources */ = {isa = PBXBuildFile; fileRef = 1446AA671B0F1B0300A7E9E6 /* UIImage+Scale.m */; };
		1446AA691B0F1B0300A7E9E6 /* UIImage+Scale.m in Sources */ = {isa = PBXBuildFile; fileRef = 1446AA671B0F1B0300A7E9E6 /* UIImage+Scale.m */; };
		1446AA6E1B0F1EBE00A7E9E6 /* MainViewController.m in Sources */ = {isa = PBXBuildFile; fileRef = 1446AA6A1B0F1EBE00A7E9E6 /* MainViewController.m */; };
		1446AA6F1B0F1EBE00A7E9E6 /* MainViewController.m in Sources */ = {isa = PBXBuildFile; fileRef = 1446AA6A1B0F1EBE00A7E9E6 /* MainViewController.m */; };
		1446AA701B0F1EBE00A7E9E6 /* AppDelegate.m in Sources */ = {isa = PBXBuildFile; fileRef = 1446AA6D1B0F1EBE00A7E9E6 /* AppDelegate.m */; };
		1446AA711B0F1EBE00A7E9E6 /* AppDelegate.m in Sources */ = {isa = PBXBuildFile; fileRef = 1446AA6D1B0F1EBE00A7E9E6 /* AppDelegate.m */; };
/* End PBXBuildFile section */

/* Begin PBXContainerItemProxy section */
		1406E48C1B0C48EF005D3E0C /* PBXContainerItemProxy */ = {
			isa = PBXContainerItemProxy;
			containerPortal = 1406E4671B0C48EF005D3E0C /* Project object */;
			proxyType = 1;
			remoteGlobalIDString = 1406E46E1B0C48EF005D3E0C;
			remoteInfo = whiteboard;
		};
		1424F4E61B107DD8008CE924 /* PBXContainerItemProxy */ = {
			isa = PBXContainerItemProxy;
			containerPortal = 1424F4DC1B107DD7008CE924 /* KIF.xcodeproj */;
			proxyType = 2;
			remoteGlobalIDString = EABD46AA1857A0C700A5F081;
			remoteInfo = KIF;
		};
		1424F4E81B107DD8008CE924 /* PBXContainerItemProxy */ = {
			isa = PBXContainerItemProxy;
			containerPortal = 1424F4DC1B107DD7008CE924 /* KIF.xcodeproj */;
			proxyType = 2;
			remoteGlobalIDString = EB72047C1680DDAD00278DA2;
			remoteInfo = "KIF-OCUnit";
		};
		1424F4EA1B107DD8008CE924 /* PBXContainerItemProxy */ = {
			isa = PBXContainerItemProxy;
			containerPortal = 1424F4DC1B107DD7008CE924 /* KIF.xcodeproj */;
			proxyType = 2;
			remoteGlobalIDString = EB60ECC1177F8C83005A041A;
			remoteInfo = "Test Host";
		};
		1424F4EC1B107DD8008CE924 /* PBXContainerItemProxy */ = {
			isa = PBXContainerItemProxy;
			containerPortal = 1424F4DC1B107DD7008CE924 /* KIF.xcodeproj */;
			proxyType = 2;
			remoteGlobalIDString = EABD46CD1857A0F300A5F081;
			remoteInfo = "KIF Tests";
		};
		1424F4EE1B107DD8008CE924 /* PBXContainerItemProxy */ = {
			isa = PBXContainerItemProxy;
			containerPortal = 1424F4DC1B107DD7008CE924 /* KIF.xcodeproj */;
			proxyType = 2;
			remoteGlobalIDString = EB60ECEB177F8DB3005A041A;
			remoteInfo = "KIF Tests-OCUnit";
		};
		1424F4F01B107DD8008CE924 /* PBXContainerItemProxy */ = {
			isa = PBXContainerItemProxy;
			containerPortal = 1424F4DC1B107DD7008CE924 /* KIF.xcodeproj */;
			proxyType = 2;
			remoteGlobalIDString = 9CC9673B1AD4B1B600576D13;
			remoteInfo = KIFFramework;
		};
/* End PBXContainerItemProxy section */

/* Begin PBXFileReference section */
		1406E46F1B0C48EF005D3E0C /* whiteboard.app */ = {isa = PBXFileReference; explicitFileType = wrapper.application; includeInIndex = 0; path = whiteboard.app; sourceTree = BUILT_PRODUCTS_DIR; };
		1406E4731B0C48EF005D3E0C /* Info.plist */ = {isa = PBXFileReference; lastKnownFileType = text.plist.xml; path = Info.plist; sourceTree = "<group>"; };
		1406E4741B0C48EF005D3E0C /* main.m */ = {isa = PBXFileReference; lastKnownFileType = sourcecode.c.objc; path = main.m; sourceTree = "<group>"; };
		1406E47A1B0C48EF005D3E0C /* whiteboard.xcdatamodel */ = {isa = PBXFileReference; lastKnownFileType = wrapper.xcdatamodel; path = whiteboard.xcdatamodel; sourceTree = "<group>"; };
		1406E4801B0C48EF005D3E0C /* Base */ = {isa = PBXFileReference; lastKnownFileType = file.storyboard; name = Base; path = Base.lproj/Main.storyboard; sourceTree = "<group>"; };
		1406E4821B0C48EF005D3E0C /* Images.xcassets */ = {isa = PBXFileReference; lastKnownFileType = folder.assetcatalog; path = Images.xcassets; sourceTree = "<group>"; };
		1406E4851B0C48EF005D3E0C /* Base */ = {isa = PBXFileReference; lastKnownFileType = file.xib; name = Base; path = Base.lproj/LaunchScreen.xib; sourceTree = "<group>"; };
		1406E48B1B0C48EF005D3E0C /* whiteboardTests.xctest */ = {isa = PBXFileReference; explicitFileType = wrapper.cfbundle; includeInIndex = 0; path = whiteboardTests.xctest; sourceTree = BUILT_PRODUCTS_DIR; };
		1406E4901B0C48EF005D3E0C /* Info.plist */ = {isa = PBXFileReference; lastKnownFileType = text.plist.xml; path = Info.plist; sourceTree = "<group>"; };
		1406E4911B0C48EF005D3E0C /* whiteboardTests.m */ = {isa = PBXFileReference; lastKnownFileType = sourcecode.c.objc; path = whiteboardTests.m; sourceTree = "<group>"; };
		1424F4CB1B10691C008CE924 /* libOCMock.a */ = {isa = PBXFileReference; lastKnownFileType = archive.ar; name = libOCMock.a; path = libs/ocmock/usr/lib/libOCMock.a; sourceTree = "<group>"; };
		1424F4D81B106B2D008CE924 /* DrawViewTests.m */ = {isa = PBXFileReference; fileEncoding = 4; lastKnownFileType = sourcecode.c.objc; path = DrawViewTests.m; sourceTree = "<group>"; };
		1424F4DA1B107766008CE924 /* MainViewControllerTests.m */ = {isa = PBXFileReference; fileEncoding = 4; lastKnownFileType = sourcecode.c.objc; path = MainViewControllerTests.m; sourceTree = "<group>"; };
		1424F4DC1B107DD7008CE924 /* KIF.xcodeproj */ = {isa = PBXFileReference; lastKnownFileType = "wrapper.pb-project"; name = KIF.xcodeproj; path = tools/KIF/KIF.xcodeproj; sourceTree = SOURCE_ROOT; };
		1424F4F41B107E37008CE924 /* CoreGraphics.framework */ = {isa = PBXFileReference; lastKnownFileType = wrapper.framework; name = CoreGraphics.framework; path = System/Library/Frameworks/CoreGraphics.framework; sourceTree = SDKROOT; };
		1424F4F61B107FA6008CE924 /* IOKit.framework */ = {isa = PBXFileReference; lastKnownFileType = wrapper.framework; name = IOKit.framework; path = Platforms/iPhoneOS.platform/Developer/SDKs/iPhoneOS.sdk/System/Library/Frameworks/IOKit.framework; sourceTree = DEVELOPER_DIR; };
		1424F4FA1B1081A0008CE924 /* UITests.m */ = {isa = PBXFileReference; fileEncoding = 4; lastKnownFileType = sourcecode.c.objc; path = UITests.m; sourceTree = "<group>"; };
		1446AA251B0C4AD100A7E9E6 /* DrawView.h */ = {isa = PBXFileReference; fileEncoding = 4; lastKnownFileType = sourcecode.c.h; path = DrawView.h; sourceTree = "<group>"; };
		1446AA261B0C4AD100A7E9E6 /* DrawView.m */ = {isa = PBXFileReference; fileEncoding = 4; lastKnownFileType = sourcecode.c.objc; path = DrawView.m; sourceTree = "<group>"; };
		1446AA2D1B0C519C00A7E9E6 /* Config.h */ = {isa = PBXFileReference; fileEncoding = 4; lastKnownFileType = sourcecode.c.h; path = Config.h; sourceTree = "<group>"; };
		1446AA2E1B0C519C00A7E9E6 /* Config.m */ = {isa = PBXFileReference; fileEncoding = 4; lastKnownFileType = sourcecode.c.objc; path = Config.m; sourceTree = "<group>"; };
		1446AA311B0C579300A7E9E6 /* PanelView.h */ = {isa = PBXFileReference; fileEncoding = 4; lastKnownFileType = sourcecode.c.h; path = PanelView.h; sourceTree = "<group>"; };
		1446AA321B0C579300A7E9E6 /* PanelView.m */ = {isa = PBXFileReference; fileEncoding = 4; lastKnownFileType = sourcecode.c.objc; path = PanelView.m; sourceTree = "<group>"; };
		1446AA351B0C580300A7E9E6 /* ColorPanelView.h */ = {isa = PBXFileReference; fileEncoding = 4; lastKnownFileType = sourcecode.c.h; path = ColorPanelView.h; sourceTree = "<group>"; };
		1446AA361B0C580300A7E9E6 /* ColorPanelView.m */ = {isa = PBXFileReference; fileEncoding = 4; lastKnownFileType = sourcecode.c.objc; path = ColorPanelView.m; sourceTree = "<group>"; };
		1446AA441B0C704000A7E9E6 /* ExtraPanelView.h */ = {isa = PBXFileReference; fileEncoding = 4; lastKnownFileType = sourcecode.c.h; path = ExtraPanelView.h; sourceTree = "<group>"; };
		1446AA451B0C704000A7E9E6 /* ExtraPanelView.m */ = {isa = PBXFileReference; fileEncoding = 4; lastKnownFileType = sourcecode.c.objc; path = ExtraPanelView.m; sourceTree = "<group>"; };
		1446AA501B0D94E500A7E9E6 /* SpecialPanelView.xib */ = {isa = PBXFileReference; fileEncoding = 4; lastKnownFileType = file.xib; name = SpecialPanelView.xib; path = res/Panels/SpecialPanelView.xib; sourceTree = "<group>"; };
		1446AA521B0D94E500A7E9E6 /* ColorPanelView.xib */ = {isa = PBXFileReference; fileEncoding = 4; lastKnownFileType = file.xib; name = ColorPanelView.xib; path = res/Panels/ColorPanelView.xib; sourceTree = "<group>"; };
		1446AA591B0D950200A7E9E6 /* SpecialPanelView.h */ = {isa = PBXFileReference; fileEncoding = 4; lastKnownFileType = sourcecode.c.h; path = SpecialPanelView.h; sourceTree = "<group>"; };
		1446AA5A1B0D950200A7E9E6 /* SpecialPanelView.m */ = {isa = PBXFileReference; fileEncoding = 4; lastKnownFileType = sourcecode.c.objc; path = SpecialPanelView.m; sourceTree = "<group>"; };
		1446AA5D1B0D9C3B00A7E9E6 /* ExtraPanelView.xib */ = {isa = PBXFileReference; fileEncoding = 4; lastKnownFileType = file.xib; name = ExtraPanelView.xib; path = res/Panels/ExtraPanelView.xib; sourceTree = "<group>"; };
		1446AA601B0DC92E00A7E9E6 /* MessageUI.framework */ = {isa = PBXFileReference; lastKnownFileType = wrapper.framework; name = MessageUI.framework; path = System/Library/Frameworks/MessageUI.framework; sourceTree = SDKROOT; };
		1446AA661B0F1B0300A7E9E6 /* UIImage+Scale.h */ = {isa = PBXFileReference; fileEncoding = 4; lastKnownFileType = sourcecode.c.h; path = "UIImage+Scale.h"; sourceTree = "<group>"; };
		1446AA671B0F1B0300A7E9E6 /* UIImage+Scale.m */ = {isa = PBXFileReference; fileEncoding = 4; lastKnownFileType = sourcecode.c.objc; path = "UIImage+Scale.m"; sourceTree = "<group>"; };
		1446AA6A1B0F1EBE00A7E9E6 /* MainViewController.m */ = {isa = PBXFileReference; fileEncoding = 4; lastKnownFileType = sourcecode.c.objc; path = MainViewController.m; sourceTree = "<group>"; };
		1446AA6B1B0F1EBE00A7E9E6 /* MainViewController.h */ = {isa = PBXFileReference; fileEncoding = 4; lastKnownFileType = sourcecode.c.h; path = MainViewController.h; sourceTree = "<group>"; };
		1446AA6C1B0F1EBE00A7E9E6 /* AppDelegate.h */ = {isa = PBXFileReference; fileEncoding = 4; lastKnownFileType = sourcecode.c.h; path = AppDelegate.h; sourceTree = "<group>"; };
		1446AA6D1B0F1EBE00A7E9E6 /* AppDelegate.m */ = {isa = PBXFileReference; fileEncoding = 4; lastKnownFileType = sourcecode.c.objc; path = AppDelegate.m; sourceTree = "<group>"; };
/* End PBXFileReference section */

/* Begin PBXFrameworksBuildPhase section */
		1406E46C1B0C48EF005D3E0C /* Frameworks */ = {
			isa = PBXFrameworksBuildPhase;
			buildActionMask = 2147483647;
			files = (
				1446AA611B0DC92E00A7E9E6 /* MessageUI.framework in Frameworks */,
			);
			runOnlyForDeploymentPostprocessing = 0;
		};
		1406E4881B0C48EF005D3E0C /* Frameworks */ = {
			isa = PBXFrameworksBuildPhase;
			buildActionMask = 2147483647;
			files = (
				1424F4F71B107FA6008CE924 /* IOKit.framework in Frameworks */,
				1424F4F51B107E37008CE924 /* CoreGraphics.framework in Frameworks */,
				1424F4F21B107E2B008CE924 /* libKIF.a in Frameworks */,
				1424F4D71B106A96008CE924 /* libOCMock.a in Frameworks */,
			);
			runOnlyForDeploymentPostprocessing = 0;
		};
/* End PBXFrameworksBuildPhase section */

/* Begin PBXGroup section */
		1406E4661B0C48EF005D3E0C = {
			isa = PBXGroup;
			children = (
				1406E4711B0C48EF005D3E0C /* whiteboard */,
				1446AA621B0DC93A00A7E9E6 /* libs */,
				1406E48E1B0C48EF005D3E0C /* whiteboardTests */,
				1406E4701B0C48EF005D3E0C /* Products */,
			);
			sourceTree = "<group>";
		};
		1406E4701B0C48EF005D3E0C /* Products */ = {
			isa = PBXGroup;
			children = (
				1406E46F1B0C48EF005D3E0C /* whiteboard.app */,
				1406E48B1B0C48EF005D3E0C /* whiteboardTests.xctest */,
			);
			name = Products;
			sourceTree = "<group>";
		};
		1406E4711B0C48EF005D3E0C /* whiteboard */ = {
			isa = PBXGroup;
			children = (
				1446AA3C1B0C584400A7E9E6 /* res */,
				1446AA241B0C4AD100A7E9E6 /* src */,
				1406E4821B0C48EF005D3E0C /* Images.xcassets */,
				1406E4841B0C48EF005D3E0C /* LaunchScreen.xib */,
				1406E4791B0C48EF005D3E0C /* whiteboard.xcdatamodeld */,
				1406E4721B0C48EF005D3E0C /* Supporting Files */,
			);
			path = whiteboard;
			sourceTree = "<group>";
		};
		1406E4721B0C48EF005D3E0C /* Supporting Files */ = {
			isa = PBXGroup;
			children = (
				1406E4731B0C48EF005D3E0C /* Info.plist */,
				1406E4741B0C48EF005D3E0C /* main.m */,
			);
			name = "Supporting Files";
			sourceTree = "<group>";
		};
		1406E48E1B0C48EF005D3E0C /* whiteboardTests */ = {
			isa = PBXGroup;
			children = (
				1424F4DC1B107DD7008CE924 /* KIF.xcodeproj */,
				1406E4911B0C48EF005D3E0C /* whiteboardTests.m */,
				1406E48F1B0C48EF005D3E0C /* Supporting Files */,
				1424F4D81B106B2D008CE924 /* DrawViewTests.m */,
				1424F4DA1B107766008CE924 /* MainViewControllerTests.m */,
				1424F4FA1B1081A0008CE924 /* UITests.m */,
			);
			path = whiteboardTests;
			sourceTree = "<group>";
		};
		1406E48F1B0C48EF005D3E0C /* Supporting Files */ = {
			isa = PBXGroup;
			children = (
				1406E4901B0C48EF005D3E0C /* Info.plist */,
			);
			name = "Supporting Files";
			sourceTree = "<group>";
		};
		1424F4DD1B107DD7008CE924 /* Products */ = {
			isa = PBXGroup;
			children = (
				1424F4E71B107DD8008CE924 /* libKIF.a */,
				1424F4E91B107DD8008CE924 /* libKIF-OCUnit.a */,
				1424F4EB1B107DD8008CE924 /* Test Host.app */,
				1424F4ED1B107DD8008CE924 /* KIF Tests - XCTest.xctest */,
				1424F4EF1B107DD8008CE924 /* KIF Tests-OCUnit.octest */,
				1424F4F11B107DD8008CE924 /* KIF.framework */,
			);
			name = Products;
			sourceTree = "<group>";
		};
		1446AA241B0C4AD100A7E9E6 /* src */ = {
			isa = PBXGroup;
			children = (
				1446AA6B1B0F1EBE00A7E9E6 /* MainViewController.h */,
				1446AA6A1B0F1EBE00A7E9E6 /* MainViewController.m */,
				1446AA6C1B0F1EBE00A7E9E6 /* AppDelegate.h */,
				1446AA6D1B0F1EBE00A7E9E6 /* AppDelegate.m */,
				1446AA251B0C4AD100A7E9E6 /* DrawView.h */,
				1446AA261B0C4AD100A7E9E6 /* DrawView.m */,
				1446AA2D1B0C519C00A7E9E6 /* Config.h */,
				1446AA2E1B0C519C00A7E9E6 /* Config.m */,
				1446AA4B1B0D940800A7E9E6 /* Panels */,
				1446AA661B0F1B0300A7E9E6 /* UIImage+Scale.h */,
				1446AA671B0F1B0300A7E9E6 /* UIImage+Scale.m */,
			);
			path = src;
			sourceTree = "<group>";
		};
		1446AA3C1B0C584400A7E9E6 /* res */ = {
			isa = PBXGroup;
			children = (
				1406E47F1B0C48EF005D3E0C /* Main.storyboard */,
				1446AA4C1B0D941900A7E9E6 /* Panels */,
			);
			name = res;
			sourceTree = "<group>";
		};
		1446AA4B1B0D940800A7E9E6 /* Panels */ = {
			isa = PBXGroup;
			children = (
				1446AA311B0C579300A7E9E6 /* PanelView.h */,
				1446AA321B0C579300A7E9E6 /* PanelView.m */,
				1446AA351B0C580300A7E9E6 /* ColorPanelView.h */,
				1446AA361B0C580300A7E9E6 /* ColorPanelView.m */,
				1446AA441B0C704000A7E9E6 /* ExtraPanelView.h */,
				1446AA451B0C704000A7E9E6 /* ExtraPanelView.m */,
				1446AA591B0D950200A7E9E6 /* SpecialPanelView.h */,
				1446AA5A1B0D950200A7E9E6 /* SpecialPanelView.m */,
			);
			name = Panels;
			sourceTree = "<group>";
		};
		1446AA4C1B0D941900A7E9E6 /* Panels */ = {
			isa = PBXGroup;
			children = (
				1446AA521B0D94E500A7E9E6 /* ColorPanelView.xib */,
				1446AA501B0D94E500A7E9E6 /* SpecialPanelView.xib */,
				1446AA5D1B0D9C3B00A7E9E6 /* ExtraPanelView.xib */,
			);
			name = Panels;
			sourceTree = "<group>";
		};
		1446AA621B0DC93A00A7E9E6 /* libs */ = {
			isa = PBXGroup;
			children = (
				1424F4F61B107FA6008CE924 /* IOKit.framework */,
				1424F4F41B107E37008CE924 /* CoreGraphics.framework */,
				1424F4CB1B10691C008CE924 /* libOCMock.a */,
				1446AA601B0DC92E00A7E9E6 /* MessageUI.framework */,
			);
			name = libs;
			path = whiteboard;
			sourceTree = "<group>";
		};
/* End PBXGroup section */

/* Begin PBXNativeTarget section */
		1406E46E1B0C48EF005D3E0C /* whiteboard */ = {
			isa = PBXNativeTarget;
			buildConfigurationList = 1406E4951B0C48EF005D3E0C /* Build configuration list for PBXNativeTarget "whiteboard" */;
			buildPhases = (
				1406E46B1B0C48EF005D3E0C /* Sources */,
				1406E46C1B0C48EF005D3E0C /* Frameworks */,
				1406E46D1B0C48EF005D3E0C /* Resources */,
			);
			buildRules = (
			);
			dependencies = (
			);
			name = whiteboard;
			productName = whiteboard;
			productReference = 1406E46F1B0C48EF005D3E0C /* whiteboard.app */;
			productType = "com.apple.product-type.application";
		};
		1406E48A1B0C48EF005D3E0C /* whiteboardTests */ = {
			isa = PBXNativeTarget;
			buildConfigurationList = 1406E4981B0C48EF005D3E0C /* Build configuration list for PBXNativeTarget "whiteboardTests" */;
			buildPhases = (
				1406E4871B0C48EF005D3E0C /* Sources */,
				1406E4881B0C48EF005D3E0C /* Frameworks */,
				1406E4891B0C48EF005D3E0C /* Resources */,
			);
			buildRules = (
			);
			dependencies = (
				1406E48D1B0C48EF005D3E0C /* PBXTargetDependency */,
			);
			name = whiteboardTests;
			productName = whiteboardTests;
			productReference = 1406E48B1B0C48EF005D3E0C /* whiteboardTests.xctest */;
			productType = "com.apple.product-type.bundle.unit-test";
		};
/* End PBXNativeTarget section */

/* Begin PBXProject section */
		1406E4671B0C48EF005D3E0C /* Project object */ = {
			isa = PBXProject;
			attributes = {
				LastUpgradeCheck = 0630;
				ORGANIZATIONNAME = whiteboard;
				TargetAttributes = {
					1406E46E1B0C48EF005D3E0C = {
						CreatedOnToolsVersion = 6.3;
					};
					1406E48A1B0C48EF005D3E0C = {
						CreatedOnToolsVersion = 6.3;
						TestTargetID = 1406E46E1B0C48EF005D3E0C;
					};
				};
			};
			buildConfigurationList = 1406E46A1B0C48EF005D3E0C /* Build configuration list for PBXProject "whiteboard" */;
			compatibilityVersion = "Xcode 3.2";
			developmentRegion = English;
			hasScannedForEncodings = 0;
			knownRegions = (
				en,
				Base,
			);
			mainGroup = 1406E4661B0C48EF005D3E0C;
			productRefGroup = 1406E4701B0C48EF005D3E0C /* Products */;
			projectDirPath = "";
			projectReferences = (
				{
					ProductGroup = 1424F4DD1B107DD7008CE924 /* Products */;
					ProjectRef = 1424F4DC1B107DD7008CE924 /* KIF.xcodeproj */;
				},
			);
			projectRoot = "";
			targets = (
				1406E46E1B0C48EF005D3E0C /* whiteboard */,
				1406E48A1B0C48EF005D3E0C /* whiteboardTests */,
			);
		};
/* End PBXProject section */

/* Begin PBXReferenceProxy section */
		1424F4E71B107DD8008CE924 /* libKIF.a */ = {
			isa = PBXReferenceProxy;
			fileType = archive.ar;
			path = libKIF.a;
			remoteRef = 1424F4E61B107DD8008CE924 /* PBXContainerItemProxy */;
			sourceTree = BUILT_PRODUCTS_DIR;
		};
		1424F4E91B107DD8008CE924 /* libKIF-OCUnit.a */ = {
			isa = PBXReferenceProxy;
			fileType = archive.ar;
			path = "libKIF-OCUnit.a";
			remoteRef = 1424F4E81B107DD8008CE924 /* PBXContainerItemProxy */;
			sourceTree = BUILT_PRODUCTS_DIR;
		};
		1424F4EB1B107DD8008CE924 /* Test Host.app */ = {
			isa = PBXReferenceProxy;
			fileType = wrapper.application;
			path = "Test Host.app";
			remoteRef = 1424F4EA1B107DD8008CE924 /* PBXContainerItemProxy */;
			sourceTree = BUILT_PRODUCTS_DIR;
		};
		1424F4ED1B107DD8008CE924 /* KIF Tests - XCTest.xctest */ = {
			isa = PBXReferenceProxy;
			fileType = wrapper.cfbundle;
			path = "KIF Tests - XCTest.xctest";
			remoteRef = 1424F4EC1B107DD8008CE924 /* PBXContainerItemProxy */;
			sourceTree = BUILT_PRODUCTS_DIR;
		};
		1424F4EF1B107DD8008CE924 /* KIF Tests-OCUnit.octest */ = {
			isa = PBXReferenceProxy;
			fileType = wrapper.cfbundle;
			path = "KIF Tests-OCUnit.octest";
			remoteRef = 1424F4EE1B107DD8008CE924 /* PBXContainerItemProxy */;
			sourceTree = BUILT_PRODUCTS_DIR;
		};
		1424F4F11B107DD8008CE924 /* KIF.framework */ = {
			isa = PBXReferenceProxy;
			fileType = wrapper.framework;
			path = KIF.framework;
			remoteRef = 1424F4F01B107DD8008CE924 /* PBXContainerItemProxy */;
			sourceTree = BUILT_PRODUCTS_DIR;
		};
/* End PBXReferenceProxy section */

/* Begin PBXResourcesBuildPhase section */
		1406E46D1B0C48EF005D3E0C /* Resources */ = {
			isa = PBXResourcesBuildPhase;
			buildActionMask = 2147483647;
			files = (
				1446AA5E1B0D9C3B00A7E9E6 /* ExtraPanelView.xib in Resources */,
				1406E4811B0C48EF005D3E0C /* Main.storyboard in Resources */,
				1446AA531B0D94E500A7E9E6 /* SpecialPanelView.xib in Resources */,
				1406E4861B0C48EF005D3E0C /* LaunchScreen.xib in Resources */,
				1446AA571B0D94E500A7E9E6 /* ColorPanelView.xib in Resources */,
				1406E4831B0C48EF005D3E0C /* Images.xcassets in Resources */,
			);
			runOnlyForDeploymentPostprocessing = 0;
		};
		1406E4891B0C48EF005D3E0C /* Resources */ = {
			isa = PBXResourcesBuildPhase;
			buildActionMask = 2147483647;
			files = (
				1446AA5F1B0D9C3B00A7E9E6 /* ExtraPanelView.xib in Resources */,
				1446AA581B0D94E500A7E9E6 /* ColorPanelView.xib in Resources */,
				1446AA541B0D94E500A7E9E6 /* SpecialPanelView.xib in Resources */,
			);
			runOnlyForDeploymentPostprocessing = 0;
		};
/* End PBXResourcesBuildPhase section */

/* Begin PBXSourcesBuildPhase section */
		1406E46B1B0C48EF005D3E0C /* Sources */ = {
			isa = PBXSourcesBuildPhase;
			buildActionMask = 2147483647;
			files = (
				1446AA701B0F1EBE00A7E9E6 /* AppDelegate.m in Sources */,
				1446AA371B0C580300A7E9E6 /* ColorPanelView.m in Sources */,
				1446AA681B0F1B0300A7E9E6 /* UIImage+Scale.m in Sources */,
				1446AA5B1B0D950200A7E9E6 /* SpecialPanelView.m in Sources */,
				1446AA6E1B0F1EBE00A7E9E6 /* MainViewController.m in Sources */,
				1446AA2F1B0C519C00A7E9E6 /* Config.m in Sources */,
				1446AA461B0C704000A7E9E6 /* ExtraPanelView.m in Sources */,
				1446AA331B0C579300A7E9E6 /* PanelView.m in Sources */,
				1406E47B1B0C48EF005D3E0C /* whiteboard.xcdatamodeld in Sources */,
				1406E4751B0C48EF005D3E0C /* main.m in Sources */,
				1446AA271B0C4AD100A7E9E6 /* DrawView.m in Sources */,
			);
			runOnlyForDeploymentPostprocessing = 0;
		};
		1406E4871B0C48EF005D3E0C /* Sources */ = {
			isa = PBXSourcesBuildPhase;
			buildActionMask = 2147483647;
			files = (
				1424F4D91B106B2D008CE924 /* DrawViewTests.m in Sources */,
				1424F4FB1B1081A1008CE924 /* UITests.m in Sources */,
				1446AA301B0C519C00A7E9E6 /* Config.m in Sources */,
				1446AA5C1B0D950200A7E9E6 /* SpecialPanelView.m in Sources */,
				1446AA281B0C4AD100A7E9E6 /* DrawView.m in Sources */,
				1446AA381B0C580300A7E9E6 /* ColorPanelView.m in Sources */,
				1446AA711B0F1EBE00A7E9E6 /* AppDelegate.m in Sources */,
				1446AA6F1B0F1EBE00A7E9E6 /* MainViewController.m in Sources */,
				1424F4DB1B107766008CE924 /* MainViewControllerTests.m in Sources */,
				1446AA341B0C579300A7E9E6 /* PanelView.m in Sources */,
				1406E4921B0C48EF005D3E0C /* whiteboardTests.m in Sources */,
				1446AA691B0F1B0300A7E9E6 /* UIImage+Scale.m in Sources */,
				1446AA471B0C704000A7E9E6 /* ExtraPanelView.m in Sources */,
			);
			runOnlyForDeploymentPostprocessing = 0;
		};
/* End PBXSourcesBuildPhase section */

/* Begin PBXTargetDependency section */
		1406E48D1B0C48EF005D3E0C /* PBXTargetDependency */ = {
			isa = PBXTargetDependency;
			target = 1406E46E1B0C48EF005D3E0C /* whiteboard */;
			targetProxy = 1406E48C1B0C48EF005D3E0C /* PBXContainerItemProxy */;
		};
/* End PBXTargetDependency section */

/* Begin PBXVariantGroup section */
		1406E47F1B0C48EF005D3E0C /* Main.storyboard */ = {
			isa = PBXVariantGroup;
			children = (
				1406E4801B0C48EF005D3E0C /* Base */,
			);
			name = Main.storyboard;
			sourceTree = "<group>";
		};
		1406E4841B0C48EF005D3E0C /* LaunchScreen.xib */ = {
			isa = PBXVariantGroup;
			children = (
				1406E4851B0C48EF005D3E0C /* Base */,
			);
			name = LaunchScreen.xib;
			sourceTree = "<group>";
		};
/* End PBXVariantGroup section */

/* Begin XCBuildConfiguration section */
		1406E4931B0C48EF005D3E0C /* Debug */ = {
			isa = XCBuildConfiguration;
			buildSettings = {
				ALWAYS_SEARCH_USER_PATHS = NO;
				CLANG_CXX_LANGUAGE_STANDARD = "gnu++0x";
				CLANG_CXX_LIBRARY = "libc++";
				CLANG_ENABLE_MODULES = YES;
				CLANG_ENABLE_OBJC_ARC = YES;
				CLANG_WARN_BOOL_CONVERSION = YES;
				CLANG_WARN_CONSTANT_CONVERSION = YES;
				CLANG_WARN_DIRECT_OBJC_ISA_USAGE = YES_ERROR;
				CLANG_WARN_EMPTY_BODY = YES;
				CLANG_WARN_ENUM_CONVERSION = YES;
				CLANG_WARN_INT_CONVERSION = YES;
				CLANG_WARN_OBJC_ROOT_CLASS = YES_ERROR;
				CLANG_WARN_UNREACHABLE_CODE = YES;
				CLANG_WARN__DUPLICATE_METHOD_MATCH = YES;
				"CODE_SIGN_IDENTITY[sdk=iphoneos*]" = "iPhone Developer";
				COPY_PHASE_STRIP = NO;
				DEBUG_INFORMATION_FORMAT = "dwarf-with-dsym";
				ENABLE_STRICT_OBJC_MSGSEND = YES;
				GCC_C_LANGUAGE_STANDARD = gnu99;
				GCC_DYNAMIC_NO_PIC = NO;
				GCC_NO_COMMON_BLOCKS = YES;
				GCC_OPTIMIZATION_LEVEL = 0;
				GCC_PREPROCESSOR_DEFINITIONS = (
					"DEBUG=1",
					"$(inherited)",
				);
				GCC_SYMBOLS_PRIVATE_EXTERN = NO;
				GCC_WARN_64_TO_32_BIT_CONVERSION = YES;
				GCC_WARN_ABOUT_RETURN_TYPE = YES_ERROR;
				GCC_WARN_UNDECLARED_SELECTOR = YES;
				GCC_WARN_UNINITIALIZED_AUTOS = YES_AGGRESSIVE;
				GCC_WARN_UNUSED_FUNCTION = YES;
				GCC_WARN_UNUSED_VARIABLE = YES;
				IPHONEOS_DEPLOYMENT_TARGET = 8.3;
				MTL_ENABLE_DEBUG_INFO = YES;
				ONLY_ACTIVE_ARCH = YES;
				SDKROOT = iphoneos;
				TARGETED_DEVICE_FAMILY = "1,2";
			};
			name = Debug;
		};
		1406E4941B0C48EF005D3E0C /* Release */ = {
			isa = XCBuildConfiguration;
			buildSettings = {
				ALWAYS_SEARCH_USER_PATHS = NO;
				CLANG_CXX_LANGUAGE_STANDARD = "gnu++0x";
				CLANG_CXX_LIBRARY = "libc++";
				CLANG_ENABLE_MODULES = YES;
				CLANG_ENABLE_OBJC_ARC = YES;
				CLANG_WARN_BOOL_CONVERSION = YES;
				CLANG_WARN_CONSTANT_CONVERSION = YES;
				CLANG_WARN_DIRECT_OBJC_ISA_USAGE = YES_ERROR;
				CLANG_WARN_EMPTY_BODY = YES;
				CLANG_WARN_ENUM_CONVERSION = YES;
				CLANG_WARN_INT_CONVERSION = YES;
				CLANG_WARN_OBJC_ROOT_CLASS = YES_ERROR;
				CLANG_WARN_UNREACHABLE_CODE = YES;
				CLANG_WARN__DUPLICATE_METHOD_MATCH = YES;
				"CODE_SIGN_IDENTITY[sdk=iphoneos*]" = "iPhone Developer";
				COPY_PHASE_STRIP = NO;
				DEBUG_INFORMATION_FORMAT = "dwarf-with-dsym";
				ENABLE_NS_ASSERTIONS = NO;
				ENABLE_STRICT_OBJC_MSGSEND = YES;
				GCC_C_LANGUAGE_STANDARD = gnu99;
				GCC_NO_COMMON_BLOCKS = YES;
				GCC_WARN_64_TO_32_BIT_CONVERSION = YES;
				GCC_WARN_ABOUT_RETURN_TYPE = YES_ERROR;
				GCC_WARN_UNDECLARED_SELECTOR = YES;
				GCC_WARN_UNINITIALIZED_AUTOS = YES_AGGRESSIVE;
				GCC_WARN_UNUSED_FUNCTION = YES;
				GCC_WARN_UNUSED_VARIABLE = YES;
				IPHONEOS_DEPLOYMENT_TARGET = 8.3;
				MTL_ENABLE_DEBUG_INFO = NO;
				SDKROOT = iphoneos;
				TARGETED_DEVICE_FAMILY = "1,2";
				VALIDATE_PRODUCT = YES;
			};
			name = Release;
		};
		1406E4961B0C48EF005D3E0C /* Debug */ = {
			isa = XCBuildConfiguration;
			buildSettings = {
				ASSETCATALOG_COMPILER_APPICON_NAME = AppIcon;
				INFOPLIST_FILE = whiteboard/Info.plist;
				LD_RUNPATH_SEARCH_PATHS = "$(inherited) @executable_path/Frameworks";
				PRODUCT_NAME = "$(TARGET_NAME)";
			};
			name = Debug;
		};
		1406E4971B0C48EF005D3E0C /* Release */ = {
			isa = XCBuildConfiguration;
			buildSettings = {
				ASSETCATALOG_COMPILER_APPICON_NAME = AppIcon;
				INFOPLIST_FILE = whiteboard/Info.plist;
				LD_RUNPATH_SEARCH_PATHS = "$(inherited) @executable_path/Frameworks";
				PRODUCT_NAME = "$(TARGET_NAME)";
			};
			name = Release;
		};
		1406E4991B0C48EF005D3E0C /* Debug */ = {
			isa = XCBuildConfiguration;
			buildSettings = {
				BUNDLE_LOADER = "$(TEST_HOST)";
				FRAMEWORK_SEARCH_PATHS = (
					"$(SDKROOT)/Developer/Library/Frameworks",
					"$(inherited)",
				);
				GCC_PREPROCESSOR_DEFINITIONS = (
					"DEBUG=1",
					"$(inherited)",
				);
				HEADER_SEARCH_PATHS = (
					"$(inherited)",
					/Applications/Xcode.app/Contents/Developer/Toolchains/XcodeDefault.xctoolchain/usr/include,
					"$(PROJECT_DIR)/whiteboard/libs/ocmock/usr/include",
				);
				INFOPLIST_FILE = whiteboardTests/Info.plist;
				LD_RUNPATH_SEARCH_PATHS = "$(inherited) @executable_path/Frameworks @loader_path/Frameworks";
				LIBRARY_SEARCH_PATHS = (
					"$(inherited)",
					"$(PROJECT_DIR)/ocmock/Examples/iOS7Example/usr/lib",
					"$(PROJECT_DIR)/whiteboard/libs/ocmock/usr/lib",
				);
				OTHER_LDFLAGS = (
					"$(inherited)",
					"-framework",
					XCTest,
					"-ObjC",
				);
				PRODUCT_NAME = "$(TARGET_NAME)";
				TEST_HOST = "$(BUILT_PRODUCTS_DIR)/whiteboard.app/whiteboard";
			};
			name = Debug;
		};
		1406E49A1B0C48EF005D3E0C /* Release */ = {
			isa = XCBuildConfiguration;
			buildSettings = {
				BUNDLE_LOADER = "$(TEST_HOST)";
				FRAMEWORK_SEARCH_PATHS = (
					"$(SDKROOT)/Developer/Library/Frameworks",
					"$(inherited)",
				);
				HEADER_SEARCH_PATHS = (
					"$(inherited)",
					/Applications/Xcode.app/Contents/Developer/Toolchains/XcodeDefault.xctoolchain/usr/include,
					"$(PROJECT_DIR)/whiteboard/libs/ocmock/usr/include",
				);
				INFOPLIST_FILE = whiteboardTests/Info.plist;
				LD_RUNPATH_SEARCH_PATHS = "$(inherited) @executable_path/Frameworks @loader_path/Frameworks";
				LIBRARY_SEARCH_PATHS = (
					"$(inherited)",
					"$(PROJECT_DIR)/ocmock/Examples/iOS7Example/usr/lib",
					"$(PROJECT_DIR)/whiteboard/libs/ocmock/usr/lib",
				);
				OTHER_LDFLAGS = (
					"$(inherited)",
					"-framework",
					XCTest,
					"-ObjC",
				);
				PRODUCT_NAME = "$(TARGET_NAME)";
				TEST_HOST = "$(BUILT_PRODUCTS_DIR)/whiteboard.app/whiteboard";
			};
			name = Release;
		};
/* End XCBuildConfiguration section */

/* Begin XCConfigurationList section */
		1406E46A1B0C48EF005D3E0C /* Build configuration list for PBXProject "whiteboard" */ = {
			isa = XCConfigurationList;
			buildConfigurations = (
				1406E4931B0C48EF005D3E0C /* Debug */,
				1406E4941B0C48EF005D3E0C /* Release */,
			);
			defaultConfigurationIsVisible = 0;
			defaultConfigurationName = Release;
		};
		1406E4951B0C48EF005D3E0C /* Build configuration list for PBXNativeTarget "whiteboard" */ = {
			isa = XCConfigurationList;
			buildConfigurations = (
				1406E4961B0C48EF005D3E0C /* Debug */,
				1406E4971B0C48EF005D3E0C /* Release */,
			);
			defaultConfigurationIsVisible = 0;
			defaultConfigurationName = Release;
		};
		1406E4981B0C48EF005D3E0C /* Build configuration list for PBXNativeTarget "whiteboardTests" */ = {
			isa = XCConfigurationList;
			buildConfigurations = (
				1406E4991B0C48EF005D3E0C /* Debug */,
				1406E49A1B0C48EF005D3E0C /* Release */,
			);
			defaultConfigurationIsVisible = 0;
			defaultConfigurationName = Release;
		};
/* End XCConfigurationList section */

/* Begin XCVersionGroup section */
		1406E4791B0C48EF005D3E0C /* whiteboard.xcdatamodeld */ = {
			isa = XCVersionGroup;
			children = (
				1406E47A1B0C48EF005D3E0C /* whiteboard.xcdatamodel */,
			);
			currentVersion = 1406E47A1B0C48EF005D3E0C /* whiteboard.xcdatamodel */;
			path = whiteboard.xcdatamodeld;
			sourceTree = "<group>";
			versionGroupType = wrapper.xcdatamodel;
		};
/* End XCVersionGroup section */
	};
	rootObject = 1406E4671B0C48EF005D3E0C /* Project object */;
}
